
Microsoft Visual Studio Solution File, Format Version 12.00
# Visual Studio Version 16
VisualStudioVersion = 16.0.30011.22
MinimumVisualStudioVersion = 10.0.40219.1
Project("{9A19103F-16F7-4668-BE54-9A1E7A4F7556}") = "ColorTextBlock.Avalonia", "ColorTextBlock.Avalonia\ColorTextBlock.Avalonia.csproj", "{107E7A31-2226-4B0A-9F04-64702A768875}"
EndProject
Project("{FAE04EC0-301F-11D3-BF4B-00C04F79EFBC}") = "ColorTextBlock.Sample", "ColorTextBlock.Sample\ColorTextBlock.Sample.csproj", "{D9B47B04-B74F-4F69-B4A6-440D9FA23C80}"
EndProject
Global
	GlobalSection(SolutionConfigurationPlatforms) = preSolution
		Debug|Any CPU = Debug|Any CPU
		Release|Any CPU = Release|Any CPU
	EndGlobalSection
	GlobalSection(ProjectConfigurationPlatforms) = postSolution
		{107E7A31-2226-4B0A-9F04-64702A768875}.Debug|Any CPU.ActiveCfg = Debug|Any CPU
		{107E7A31-2226-4B0A-9F04-64702A768875}.Debug|Any CPU.Build.0 = Debug|Any CPU
		{107E7A31-2226-4B0A-9F04-64702A768875}.Release|Any CPU.ActiveCfg = Release|Any CPU
		{107E7A31-2226-4B0A-9F04-64702A768875}.Release|Any CPU.Build.0 = Release|Any CPU
		{D9B47B04-B74F-4F69-B4A6-440D9FA23C80}.Debug|Any CPU.ActiveCfg = Debug|Any CPU
		{D9B47B04-B74F-4F69-B4A6-440D9FA23C80}.Debug|Any CPU.Build.0 = Debug|Any CPU
		{D9B47B04-B74F-4F69-B4A6-440D9FA23C80}.Release|Any CPU.ActiveCfg = Release|Any CPU
		{D9B47B04-B74F-4F69-B4A6-440D9FA23C80}.Release|Any CPU.Build.0 = Release|Any CPU
	EndGlobalSection
	GlobalSection(SolutionProperties) = preSolution
		HideSolutionNode = FALSE
	EndGlobalSection
	GlobalSection(ExtensibilityGlobals) = postSolution
		SolutionGuid = {16D21FBB-C034-4A66-B504-76BAE09437FA}
	EndGlobalSection
EndGlobal
